
Microsoft Visual Studio Solution File, Format Version 12.00
# Visual Studio Version 17
VisualStudioVersion = 17.14.35906.104 d17.14
MinimumVisualStudioVersion = 10.0.40219.1
Project("{FAE04EC0-301F-11D3-BF4B-00C04F79EFBC}") = "CodeRace", "CodeRace\CodeRace.csproj", "{04FBB5E2-2E30-48AF-8F7E-F74F853DCBD1}"
EndProject
Global
	GlobalSection(SolutionConfigurationPlatforms) = preSolution
		Debug|Any CPU = Debug|Any CPU
		Release|Any CPU = Release|Any CPU
	EndGlobalSection
	GlobalSection(ProjectConfigurationPlatforms) = postSolution
		{04FBB5E2-2E30-48AF-8F7E-F74F853DCBD1}.Debug|Any CPU.ActiveCfg = Debug|Any CPU
		{04FBB5E2-2E30-48AF-8F7E-F74F853DCBD1}.Debug|Any CPU.Build.0 = Debug|Any CPU
		{04FBB5E2-2E30-48AF-8F7E-F74F853DCBD1}.Release|Any CPU.ActiveCfg = Release|Any CPU
		{04FBB5E2-2E30-48AF-8F7E-F74F853DCBD1}.Release|Any CPU.Build.0 = Release|Any CPU
	EndGlobalSection
	GlobalSection(SolutionProperties) = preSolution
		HideSolutionNode = FALSE
	EndGlobalSection
	GlobalSection(ExtensibilityGlobals) = postSolution
		SolutionGuid = {0AFD4DCE-8621-4945-A9BE-1BEE447E3DC9}
	EndGlobalSection
EndGlobal
